// !$*UTF8*$!
{
	archiveVersion = 1;
	classes = {
	};
	objectVersion = 50;
	objects = {

/* Begin PBXBuildFile section */
		85705FAD22CA974E0038243F /* AppDelegate.m in Sources */ = {isa = PBXBuildFile; fileRef = 85705FAC22CA974E0038243F /* AppDelegate.m */; };
		85705FB322CA974E0038243F /* Main.storyboard in Resources */ = {isa = PBXBuildFile; fileRef = 85705FB122CA974E0038243F /* Main.storyboard */; };
		85705FB522CA97500038243F /* Assets.xcassets in Resources */ = {isa = PBXBuildFile; fileRef = 85705FB422CA97500038243F /* Assets.xcassets */; };
		85705FB822CA97500038243F /* LaunchScreen.storyboard in Resources */ = {isa = PBXBuildFile; fileRef = 85705FB622CA97500038243F /* LaunchScreen.storyboard */; };
		85705FBB22CA97500038243F /* main.m in Sources */ = {isa = PBXBuildFile; fileRef = 85705FBA22CA97500038243F /* main.m */; };
		85705FC922CA98A40038243F /* Entry.m in Sources */ = {isa = PBXBuildFile; fileRef = 85705FC822CA98A40038243F /* Entry.m */; };
		85705FCC22CA9D490038243F /* EntryController.m in Sources */ = {isa = PBXBuildFile; fileRef = 85705FCB22CA9D490038243F /* EntryController.m */; };
		85705FCF22CAAED00038243F /* EntryListTableViewController.m in Sources */ = {isa = PBXBuildFile; fileRef = 85705FCE22CAAED00038243F /* EntryListTableViewController.m */; };
		85705FD222CAB2FA0038243F /* EntryDetailViewController.m in Sources */ = {isa = PBXBuildFile; fileRef = 85705FD122CAB2FA0038243F /* EntryDetailViewController.m */; };
/* End PBXBuildFile section */

/* Begin PBXFileReference section */
		85705FA822CA974E0038243F /* JournalC.app */ = {isa = PBXFileReference; explicitFileType = wrapper.application; includeInIndex = 0; path = JournalC.app; sourceTree = BUILT_PRODUCTS_DIR; };
		85705FAB22CA974E0038243F /* AppDelegate.h */ = {isa = PBXFileReference; lastKnownFileType = sourcecode.c.h; path = AppDelegate.h; sourceTree = "<group>"; };
		85705FAC22CA974E0038243F /* AppDelegate.m */ = {isa = PBXFileReference; lastKnownFileType = sourcecode.c.objc; path = AppDelegate.m; sourceTree = "<group>"; };
		85705FB222CA974E0038243F /* Base */ = {isa = PBXFileReference; lastKnownFileType = file.storyboard; name = Base; path = Base.lproj/Main.storyboard; sourceTree = "<group>"; };
		85705FB422CA97500038243F /* Assets.xcassets */ = {isa = PBXFileReference; lastKnownFileType = folder.assetcatalog; path = Assets.xcassets; sourceTree = "<group>"; };
		85705FB722CA97500038243F /* Base */ = {isa = PBXFileReference; lastKnownFileType = file.storyboard; name = Base; path = Base.lproj/LaunchScreen.storyboard; sourceTree = "<group>"; };
		85705FB922CA97500038243F /* Info.plist */ = {isa = PBXFileReference; lastKnownFileType = text.plist.xml; path = Info.plist; sourceTree = "<group>"; };
		85705FBA22CA97500038243F /* main.m */ = {isa = PBXFileReference; lastKnownFileType = sourcecode.c.objc; path = main.m; sourceTree = "<group>"; };
		85705FC722CA98A40038243F /* Entry.h */ = {isa = PBXFileReference; lastKnownFileType = sourcecode.c.h; path = Entry.h; sourceTree = "<group>"; };
		85705FC822CA98A40038243F /* Entry.m */ = {isa = PBXFileReference; lastKnownFileType = sourcecode.c.objc; path = Entry.m; sourceTree = "<group>"; };
		85705FCA22CA9D490038243F /* EntryController.h */ = {isa = PBXFileReference; lastKnownFileType = sourcecode.c.h; path = EntryController.h; sourceTree = "<group>"; };
		85705FCB22CA9D490038243F /* EntryController.m */ = {isa = PBXFileReference; lastKnownFileType = sourcecode.c.objc; path = EntryController.m; sourceTree = "<group>"; };
		85705FCD22CAAED00038243F /* EntryListTableViewController.h */ = {isa = PBXFileReference; lastKnownFileType = sourcecode.c.h; path = EntryListTableViewController.h; sourceTree = "<group>"; };
		85705FCE22CAAED00038243F /* EntryListTableViewController.m */ = {isa = PBXFileReference; lastKnownFileType = sourcecode.c.objc; path = EntryListTableViewController.m; sourceTree = "<group>"; };
		85705FD022CAB2FA0038243F /* EntryDetailViewController.h */ = {isa = PBXFileReference; lastKnownFileType = sourcecode.c.h; path = EntryDetailViewController.h; sourceTree = "<group>"; };
		85705FD122CAB2FA0038243F /* EntryDetailViewController.m */ = {isa = PBXFileReference; lastKnownFileType = sourcecode.c.objc; path = EntryDetailViewController.m; sourceTree = "<group>"; };
/* End PBXFileReference section */

/* Begin PBXFrameworksBuildPhase section */
		85705FA522CA974E0038243F /* Frameworks */ = {
			isa = PBXFrameworksBuildPhase;
			buildActionMask = 2147483647;
			files = (
			);
			runOnlyForDeploymentPostprocessing = 0;
		};
/* End PBXFrameworksBuildPhase section */

/* Begin PBXGroup section */
		85705F9F22CA974E0038243F = {
			isa = PBXGroup;
			children = (
				85705FAA22CA974E0038243F /* JournalC */,
				85705FA922CA974E0038243F /* Products */,
			);
			sourceTree = "<group>";
		};
		85705FA922CA974E0038243F /* Products */ = {
			isa = PBXGroup;
			children = (
				85705FA822CA974E0038243F /* JournalC.app */,
			);
			name = Products;
			sourceTree = "<group>";
		};
		85705FAA22CA974E0038243F /* JournalC */ = {
			isa = PBXGroup;
			children = (
				85705FC622CA98730038243F /* Models */,
				85705FC222CA984B0038243F /* Views */,
				85705FC422CA98660038243F /* Controllers */,
				85705FC322CA985D0038243F /* Resources */,
			);
			path = JournalC;
			sourceTree = "<group>";
		};
		85705FC122CA98420038243F /* View Controllers */ = {
			isa = PBXGroup;
			children = (
				85705FCD22CAAED00038243F /* EntryListTableViewController.h */,
				85705FCE22CAAED00038243F /* EntryListTableViewController.m */,
				85705FD022CAB2FA0038243F /* EntryDetailViewController.h */,
				85705FD122CAB2FA0038243F /* EntryDetailViewController.m */,
			);
			path = "View Controllers";
			sourceTree = "<group>";
		};
		85705FC222CA984B0038243F /* Views */ = {
			isa = PBXGroup;
			children = (
				85705FB122CA974E0038243F /* Main.storyboard */,
			);
			path = Views;
			sourceTree = "<group>";
		};
		85705FC322CA985D0038243F /* Resources */ = {
			isa = PBXGroup;
			children = (
				85705FAB22CA974E0038243F /* AppDelegate.h */,
				85705FAC22CA974E0038243F /* AppDelegate.m */,
				85705FB422CA97500038243F /* Assets.xcassets */,
				85705FB622CA97500038243F /* LaunchScreen.storyboard */,
				85705FB922CA97500038243F /* Info.plist */,
				85705FBA22CA97500038243F /* main.m */,
			);
			path = Resources;
			sourceTree = "<group>";
		};
		85705FC422CA98660038243F /* Controllers */ = {
			isa = PBXGroup;
			children = (
				85705FC522CA986C0038243F /* Model Controllers */,
				85705FC122CA98420038243F /* View Controllers */,
			);
			path = Controllers;
			sourceTree = "<group>";
		};
		85705FC522CA986C0038243F /* Model Controllers */ = {
			isa = PBXGroup;
			children = (
				85705FCA22CA9D490038243F /* EntryController.h */,
				85705FCB22CA9D490038243F /* EntryController.m */,
			);
			path = "Model Controllers";
			sourceTree = "<group>";
		};
		85705FC622CA98730038243F /* Models */ = {
			isa = PBXGroup;
			children = (
				85705FC722CA98A40038243F /* Entry.h */,
				85705FC822CA98A40038243F /* Entry.m */,
			);
			name = Models;
			sourceTree = "<group>";
		};
/* End PBXGroup section */

/* Begin PBXNativeTarget section */
		85705FA722CA974E0038243F /* JournalC */ = {
			isa = PBXNativeTarget;
			buildConfigurationList = 85705FBE22CA97500038243F /* Build configuration list for PBXNativeTarget "JournalC" */;
			buildPhases = (
				85705FA422CA974E0038243F /* Sources */,
				85705FA522CA974E0038243F /* Frameworks */,
				85705FA622CA974E0038243F /* Resources */,
			);
			buildRules = (
			);
			dependencies = (
			);
			name = JournalC;
			productName = JournalC;
			productReference = 85705FA822CA974E0038243F /* JournalC.app */;
			productType = "com.apple.product-type.application";
		};
/* End PBXNativeTarget section */

/* Begin PBXProject section */
		85705FA022CA974E0038243F /* Project object */ = {
			isa = PBXProject;
			attributes = {
				LastUpgradeCheck = 1020;
				ORGANIZATIONNAME = "Timothy Rosenvall";
				TargetAttributes = {
					85705FA722CA974E0038243F = {
						CreatedOnToolsVersion = 10.2.1;
					};
				};
			};
			buildConfigurationList = 85705FA322CA974E0038243F /* Build configuration list for PBXProject "JournalC" */;
			compatibilityVersion = "Xcode 9.3";
			developmentRegion = en;
			hasScannedForEncodings = 0;
			knownRegions = (
				en,
				Base,
			);
			mainGroup = 85705F9F22CA974E0038243F;
			productRefGroup = 85705FA922CA974E0038243F /* Products */;
			projectDirPath = "";
			projectRoot = "";
			targets = (
				85705FA722CA974E0038243F /* JournalC */,
			);
		};
/* End PBXProject section */

/* Begin PBXResourcesBuildPhase section */
		85705FA622CA974E0038243F /* Resources */ = {
			isa = PBXResourcesBuildPhase;
			buildActionMask = 2147483647;
			files = (
				85705FB822CA97500038243F /* LaunchScreen.storyboard in Resources */,
				85705FB522CA97500038243F /* Assets.xcassets in Resources */,
				85705FB322CA974E0038243F /* Main.storyboard in Resources */,
			);
			runOnlyForDeploymentPostprocessing = 0;
		};
/* End PBXResourcesBuildPhase section */

/* Begin PBXSourcesBuildPhase section */
		85705FA422CA974E0038243F /* Sources */ = {
			isa = PBXSourcesBuildPhase;
			buildActionMask = 2147483647;
			files = (
				85705FD222CAB2FA0038243F /* EntryDetailViewController.m in Sources */,
				85705FCC22CA9D490038243F /* EntryController.m in Sources */,
				85705FC922CA98A40038243F /* Entry.m in Sources */,
				85705FBB22CA97500038243F /* main.m in Sources */,
				85705FAD22CA974E0038243F /* AppDelegate.m in Sources */,
				85705FCF22CAAED00038243F /* EntryListTableViewController.m in Sources */,
			);
			runOnlyForDeploymentPostprocessing = 0;
		};
/* End PBXSourcesBuildPhase section */

/* Begin PBXVariantGroup section */
		85705FB122CA974E0038243F /* Main.storyboard */ = {
			isa = PBXVariantGroup;
			children = (
				85705FB222CA974E0038243F /* Base */,
			);
			name = Main.storyboard;
			sourceTree = "<group>";
		};
		85705FB622CA97500038243F /* LaunchScreen.storyboard */ = {
			isa = PBXVariantGroup;
			children = (
				85705FB722CA97500038243F /* Base */,
			);
			name = LaunchScreen.storyboard;
			sourceTree = "<group>";
		};
/* End PBXVariantGroup section */

/* Begin XCBuildConfiguration section */
		85705FBC22CA97500038243F /* Debug */ = {
			isa = XCBuildConfiguration;
			buildSettings = {
				ALWAYS_SEARCH_USER_PATHS = NO;
				CLANG_ANALYZER_NONNULL = YES;
				CLANG_ANALYZER_NUMBER_OBJECT_CONVERSION = YES_AGGRESSIVE;
				CLANG_CXX_LANGUAGE_STANDARD = "gnu++14";
				CLANG_CXX_LIBRARY = "libc++";
				CLANG_ENABLE_MODULES = YES;
				CLANG_ENABLE_OBJC_ARC = YES;
				CLANG_ENABLE_OBJC_WEAK = YES;
				CLANG_WARN_BLOCK_CAPTURE_AUTORELEASING = YES;
				CLANG_WARN_BOOL_CONVERSION = YES;
				CLANG_WARN_COMMA = YES;
				CLANG_WARN_CONSTANT_CONVERSION = YES;
				CLANG_WARN_DEPRECATED_OBJC_IMPLEMENTATIONS = YES;
				CLANG_WARN_DIRECT_OBJC_ISA_USAGE = YES_ERROR;
				CLANG_WARN_DOCUMENTATION_COMMENTS = YES;
				CLANG_WARN_EMPTY_BODY = YES;
				CLANG_WARN_ENUM_CONVERSION = YES;
				CLANG_WARN_INFINITE_RECURSION = YES;
				CLANG_WARN_INT_CONVERSION = YES;
				CLANG_WARN_NON_LITERAL_NULL_CONVERSION = YES;
				CLANG_WARN_OBJC_IMPLICIT_RETAIN_SELF = YES;
				CLANG_WARN_OBJC_LITERAL_CONVERSION = YES;
				CLANG_WARN_OBJC_ROOT_CLASS = YES_ERROR;
				CLANG_WARN_RANGE_LOOP_ANALYSIS = YES;
				CLANG_WARN_STRICT_PROTOTYPES = YES;
				CLANG_WARN_SUSPICIOUS_MOVE = YES;
				CLANG_WARN_UNGUARDED_AVAILABILITY = YES_AGGRESSIVE;
				CLANG_WARN_UNREACHABLE_CODE = YES;
				CLANG_WARN__DUPLICATE_METHOD_MATCH = YES;
				CODE_SIGN_IDENTITY = "iPhone Developer";
				COPY_PHASE_STRIP = NO;
				DEBUG_INFORMATION_FORMAT = dwarf;
				ENABLE_STRICT_OBJC_MSGSEND = YES;
				ENABLE_TESTABILITY = YES;
				GCC_C_LANGUAGE_STANDARD = gnu11;
				GCC_DYNAMIC_NO_PIC = NO;
				GCC_NO_COMMON_BLOCKS = YES;
				GCC_OPTIMIZATION_LEVEL = 0;
				GCC_PREPROCESSOR_DEFINITIONS = (
					"DEBUG=1",
					"$(inherited)",
				);
				GCC_WARN_64_TO_32_BIT_CONVERSION = YES;
				GCC_WARN_ABOUT_RETURN_TYPE = YES_ERROR;
				GCC_WARN_UNDECLARED_SELECTOR = YES;
				GCC_WARN_UNINITIALIZED_AUTOS = YES_AGGRESSIVE;
				GCC_WARN_UNUSED_FUNCTION = YES;
				GCC_WARN_UNUSED_VARIABLE = YES;
				IPHONEOS_DEPLOYMENT_TARGET = 12.2;
				MTL_ENABLE_DEBUG_INFO = INCLUDE_SOURCE;
				MTL_FAST_MATH = YES;
				ONLY_ACTIVE_ARCH = YES;
				SDKROOT = iphoneos;
			};
			name = Debug;
		};
		85705FBD22CA97500038243F /* Release */ = {
			isa = XCBuildConfiguration;
			buildSettings = {
				ALWAYS_SEARCH_USER_PATHS = NO;
				CLANG_ANALYZER_NONNULL = YES;
				CLANG_ANALYZER_NUMBER_OBJECT_CONVERSION = YES_AGGRESSIVE;
				CLANG_CXX_LANGUAGE_STANDARD = "gnu++14";
				CLANG_CXX_LIBRARY = "libc++";
				CLANG_ENABLE_MODULES = YES;
				CLANG_ENABLE_OBJC_ARC = YES;
				CLANG_ENABLE_OBJC_WEAK = YES;
				CLANG_WARN_BLOCK_CAPTURE_AUTORELEASING = YES;
				CLANG_WARN_BOOL_CONVERSION = YES;
				CLANG_WARN_COMMA = YES;
				CLANG_WARN_CONSTANT_CONVERSION = YES;
				CLANG_WARN_DEPRECATED_OBJC_IMPLEMENTATIONS = YES;
				CLANG_WARN_DIRECT_OBJC_ISA_USAGE = YES_ERROR;
				CLANG_WARN_DOCUMENTATION_COMMENTS = YES;
				CLANG_WARN_EMPTY_BODY = YES;
				CLANG_WARN_ENUM_CONVERSION = YES;
				CLANG_WARN_INFINITE_RECURSION = YES;
				CLANG_WARN_INT_CONVERSION = YES;
				CLANG_WARN_NON_LITERAL_NULL_CONVERSION = YES;
				CLANG_WARN_OBJC_IMPLICIT_RETAIN_SELF = YES;
				CLANG_WARN_OBJC_LITERAL_CONVERSION = YES;
				CLANG_WARN_OBJC_ROOT_CLASS = YES_ERROR;
				CLANG_WARN_RANGE_LOOP_ANALYSIS = YES;
				CLANG_WARN_STRICT_PROTOTYPES = YES;
				CLANG_WARN_SUSPICIOUS_MOVE = YES;
				CLANG_WARN_UNGUARDED_AVAILABILITY = YES_AGGRESSIVE;
				CLANG_WARN_UNREACHABLE_CODE = YES;
				CLANG_WARN__DUPLICATE_METHOD_MATCH = YES;
				CODE_SIGN_IDENTITY = "iPhone Developer";
				COPY_PHASE_STRIP = NO;
				DEBUG_INFORMATION_FORMAT = "dwarf-with-dsym";
				ENABLE_NS_ASSERTIONS = NO;
				ENABLE_STRICT_OBJC_MSGSEND = YES;
				GCC_C_LANGUAGE_STANDARD = gnu11;
				GCC_NO_COMMON_BLOCKS = YES;
				GCC_WARN_64_TO_32_BIT_CONVERSION = YES;
				GCC_WARN_ABOUT_RETURN_TYPE = YES_ERROR;
				GCC_WARN_UNDECLARED_SELECTOR = YES;
				GCC_WARN_UNINITIALIZED_AUTOS = YES_AGGRESSIVE;
				GCC_WARN_UNUSED_FUNCTION = YES;
				GCC_WARN_UNUSED_VARIABLE = YES;
				IPHONEOS_DEPLOYMENT_TARGET = 12.2;
				MTL_ENABLE_DEBUG_INFO = NO;
				MTL_FAST_MATH = YES;
				SDKROOT = iphoneos;
				VALIDATE_PRODUCT = YES;
			};
			name = Release;
		};
		85705FBF22CA97500038243F /* Debug */ = {
			isa = XCBuildConfiguration;
			buildSettings = {
				ASSETCATALOG_COMPILER_APPICON_NAME = AppIcon;
				CODE_SIGN_STYLE = Automatic;
				DEVELOPMENT_TEAM = YY8J3FPYX8;
				INFOPLIST_FILE = "$(SRCROOT)/JournalC/Resources/Info.plist";
				LD_RUNPATH_SEARCH_PATHS = (
					"$(inherited)",
					"@executable_path/Frameworks",
				);
				PRODUCT_BUNDLE_IDENTIFIER = TAR.JournalC;
				PRODUCT_NAME = "$(TARGET_NAME)";
				TARGETED_DEVICE_FAMILY = "1,2";
			};
			name = Debug;
		};
		85705FC022CA97500038243F /* Release */ = {
			isa = XCBuildConfiguration;
			buildSettings = {
				ASSETCATALOG_COMPILER_APPICON_NAME = AppIcon;
				CODE_SIGN_STYLE = Automatic;
				DEVELOPMENT_TEAM = YY8J3FPYX8;
				INFOPLIST_FILE = "$(SRCROOT)/JournalC/Resources/Info.plist";
				LD_RUNPATH_SEARCH_PATHS = (
					"$(inherited)",
					"@executable_path/Frameworks",
				);
				PRODUCT_BUNDLE_IDENTIFIER = TAR.JournalC;
				PRODUCT_NAME = "$(TARGET_NAME)";
				TARGETED_DEVICE_FAMILY = "1,2";
			};
			name = Release;
		};
/* End XCBuildConfiguration section */

/* Begin XCConfigurationList section */
		85705FA322CA974E0038243F /* Build configuration list for PBXProject "JournalC" */ = {
			isa = XCConfigurationList;
			buildConfigurations = (
				85705FBC22CA97500038243F /* Debug */,
				85705FBD22CA97500038243F /* Release */,
			);
			defaultConfigurationIsVisible = 0;
			defaultConfigurationName = Release;
		};
		85705FBE22CA97500038243F /* Build configuration list for PBXNativeTarget "JournalC" */ = {
			isa = XCConfigurationList;
			buildConfigurations = (
				85705FBF22CA97500038243F /* Debug */,
				85705FC022CA97500038243F /* Release */,
			);
			defaultConfigurationIsVisible = 0;
			defaultConfigurationName = Release;
		};
/* End XCConfigurationList section */
	};
	rootObject = 85705FA022CA974E0038243F /* Project object */;
}
